
Microsoft Visual Studio Solution File, Format Version 12.00
# Visual Studio Version 16
VisualStudioVersion = 16.0.30804.86
MinimumVisualStudioVersion = 10.0.40219.1
Project("{FAE04EC0-301F-11D3-BF4B-00C04F79EFBC}") = "Lists", "Lists\Lists.csproj", "{DC0BC223-6517-468A-BAD7-AE6743810949}"
EndProject
Global
	GlobalSection(SolutionConfigurationPlatforms) = preSolution
		Debug|Any CPU = Debug|Any CPU
		Release|Any CPU = Release|Any CPU
	EndGlobalSection
	GlobalSection(ProjectConfigurationPlatforms) = postSolution
		{DC0BC223-6517-468A-BAD7-AE6743810949}.Debug|Any CPU.ActiveCfg = Debug|Any CPU
		{DC0BC223-6517-468A-BAD7-AE6743810949}.Debug|Any CPU.Build.0 = Debug|Any CPU
		{DC0BC223-6517-468A-BAD7-AE6743810949}.Release|Any CPU.ActiveCfg = Release|Any CPU
		{DC0BC223-6517-468A-BAD7-AE6743810949}.Release|Any CPU.Build.0 = Release|Any CPU
	EndGlobalSection
	GlobalSection(SolutionProperties) = preSolution
		HideSolutionNode = FALSE
	EndGlobalSection
	GlobalSection(ExtensibilityGlobals) = postSolution
		SolutionGuid = {33B93174-5165-4683-93A4-6FA79BB08EFF}
	EndGlobalSection
EndGlobal
